{
    "version": 3,
    "terraform_version": "0.11.8",
    "serial": 2,
    "lineage": "69e8d770-3279-977e-bdbb-88e2c5da5854",
    "modules": [
        {
            "path": [
                "root"
            ],
            "outputs": {},
            "resources": {
                "heroku_addon.db_ci": {
                    "type": "heroku_addon",
                    "depends_on": [
                        "heroku_app.ci"
                    ],
                    "primary": {
                        "id": "6fac6e40-944b-41f1-a425-cec9a136807e",
                        "attributes": {
                            "app": "devops-exam-app-ci",
                            "config_vars.#": "1",
                            "config_vars.0": "DATABASE_URL",
                            "id": "6fac6e40-944b-41f1-a425-cec9a136807e",
                            "name": "postgresql-round-82467",
                            "plan": "heroku-postgresql:hobby-dev",
                            "provider_id": "15605034"
                        },
                        "meta": {
                            "schema_version": "1"
                        },
                        "tainted": false
                    },
                    "deposed": [],
                    "provider": "provider.heroku"
                },
                "heroku_addon.db_prod": {
                    "type": "heroku_addon",
                    "depends_on": [
                        "heroku_app.production"
                    ],
                    "primary": {
                        "id": "2a9b11e5-7f3d-4ed9-9dd5-81485a758210",
                        "attributes": {
                            "app": "devops-exam-app-production",
                            "config_vars.#": "1",
                            "config_vars.0": "DATABASE_URL",
                            "id": "2a9b11e5-7f3d-4ed9-9dd5-81485a758210",
                            "name": "postgresql-triangular-95594",
                            "plan": "heroku-postgresql:hobby-dev",
                            "provider_id": "15605032"
                        },
                        "meta": {
                            "schema_version": "1"
                        },
                        "tainted": false
                    },
                    "deposed": [],
                    "provider": "provider.heroku"
                },
                "heroku_addon.db_stage": {
                    "type": "heroku_addon",
                    "depends_on": [
                        "heroku_app.staging"
                    ],
                    "primary": {
                        "id": "179661c4-7534-4a31-8c00-d8ef93fff0e1",
                        "attributes": {
                            "app": "devops-exam-app-staging",
                            "config_vars.#": "1",
                            "config_vars.0": "DATABASE_URL",
                            "id": "179661c4-7534-4a31-8c00-d8ef93fff0e1",
                            "name": "postgresql-clean-98673",
                            "plan": "heroku-postgresql:hobby-dev",
                            "provider_id": "15605035"
                        },
                        "meta": {
                            "schema_version": "1"
                        },
                        "tainted": false
                    },
                    "deposed": [],
                    "provider": "provider.heroku"
                },
                "heroku_addon.hostedgraphite_ci": {
                    "type": "heroku_addon",
                    "depends_on": [
                        "heroku_app.ci"
                    ],
                    "primary": {
                        "id": "8d044051-9388-4b06-ad40-8bc600516366",
                        "attributes": {
                            "app": "devops-exam-app-ci",
                            "config_vars.#": "1",
                            "config_vars.0": "HOSTEDGRAPHITE_APIKEY",
                            "id": "8d044051-9388-4b06-ad40-8bc600516366",
                            "name": "hostedgraphite-perpendicular-71043",
                            "plan": "hostedgraphite",
                            "provider_id": "c36568b2"
                        },
                        "meta": {
                            "schema_version": "1"
                        },
                        "tainted": false
                    },
                    "deposed": [],
                    "provider": "provider.heroku"
                },
                "heroku_addon.hostedgraphite_prod": {
                    "type": "heroku_addon",
                    "depends_on": [
                        "heroku_app.production"
                    ],
                    "primary": {
                        "id": "fe9d7581-e44e-4bae-9c7c-b129f7af047b",
                        "attributes": {
                            "app": "devops-exam-app-production",
                            "config_vars.#": "1",
                            "config_vars.0": "HOSTEDGRAPHITE_APIKEY",
                            "id": "fe9d7581-e44e-4bae-9c7c-b129f7af047b",
                            "name": "hostedgraphite-lively-61627",
                            "plan": "hostedgraphite",
                            "provider_id": "27d7b712"
                        },
                        "meta": {
                            "schema_version": "1"
                        },
                        "tainted": false
                    },
                    "deposed": [],
                    "provider": "provider.heroku"
                },
                "heroku_addon.hostedgraphite_stage": {
                    "type": "heroku_addon",
                    "depends_on": [
                        "heroku_app.staging"
                    ],
                    "primary": {
                        "id": "e238acdd-11ea-491a-9c68-4327a7e3d088",
                        "attributes": {
                            "app": "devops-exam-app-staging",
                            "config_vars.#": "1",
                            "config_vars.0": "HOSTEDGRAPHITE_APIKEY",
                            "id": "e238acdd-11ea-491a-9c68-4327a7e3d088",
                            "name": "hostedgraphite-regular-26729",
                            "plan": "hostedgraphite",
                            "provider_id": "3767056c"
                        },
                        "meta": {
                            "schema_version": "1"
                        },
                        "tainted": false
                    },
                    "deposed": [],
                    "provider": "provider.heroku"
                },
                "heroku_app.ci": {
                    "type": "heroku_app",
                    "depends_on": [],
                    "primary": {
                        "id": "devops-exam-app-ci",
                        "attributes": {
                            "acm": "false",
                            "all_config_vars.%": "3",
                            "all_config_vars.DATABASE_URL": "postgres://nzhzzrtnrwpjbv:3e0fe66543a991f43f13fd9ef838904bd3609d00a22fdc687fde26dcce37fc74@ec2-54-75-231-3.eu-west-1.compute.amazonaws.com:5432/d4e5ttuaksupcb",
                            "all_config_vars.HOSTEDGRAPHITE_APIKEY": "b9d55eac-e06d-465a-9805-969b7025acf8",
                            "all_config_vars.JAVA_TOOL_OPTIONS": "-Xmx300m",
                            "config_vars.#": "1",
                            "config_vars.0.%": "1",
                            "config_vars.0.JAVA_TOOL_OPTIONS": "-Xmx300m",
                            "git_url": "https://git.heroku.com/devops-exam-app-ci.git",
                            "heroku_hostname": "devops-exam-app-ci.herokuapp.com",
                            "id": "devops-exam-app-ci",
                            "internal_routing": "false",
                            "name": "devops-exam-app-ci",
                            "region": "eu",
                            "stack": "heroku-18",
                            "uuid": "eb3098b1-c6cb-420f-871c-9445e0c54b66",
                            "web_url": "https://devops-exam-app-ci.herokuapp.com/"
                        },
                        "meta": {},
                        "tainted": false
                    },
                    "deposed": [],
                    "provider": "provider.heroku"
                },
                "heroku_app.production": {
                    "type": "heroku_app",
                    "depends_on": [],
                    "primary": {
                        "id": "devops-exam-app-production",
                        "attributes": {
                            "acm": "false",
                            "all_config_vars.%": "2",
                            "all_config_vars.DATABASE_URL": "postgres://qwvnsljjloslog:1f377e5159c1d78a1413a4af8f75088cdd74775e2add75627995d2d937b4a6c7@ec2-54-75-231-3.eu-west-1.compute.amazonaws.com:5432/d7f6632pdhnqr3",
                            "all_config_vars.HOSTEDGRAPHITE_APIKEY": "77f3703e-5dfc-4e35-90ab-c7b006215a92",
                            "config_vars.#": "0",
                            "git_url": "https://git.heroku.com/devops-exam-app-production.git",
                            "heroku_hostname": "devops-exam-app-production.herokuapp.com",
                            "id": "devops-exam-app-production",
                            "internal_routing": "false",
                            "name": "devops-exam-app-production",
                            "region": "eu",
                            "stack": "heroku-18",
                            "uuid": "56b970fe-776d-446d-a570-8bce0e12b6d7",
                            "web_url": "https://devops-exam-app-production.herokuapp.com/"
                        },
                        "meta": {},
                        "tainted": false
                    },
                    "deposed": [],
                    "provider": "provider.heroku"
                },
                "heroku_app.staging": {
                    "type": "heroku_app",
                    "depends_on": [],
                    "primary": {
                        "id": "devops-exam-app-staging",
                        "attributes": {
                            "acm": "false",
                            "all_config_vars.%": "2",
                            "all_config_vars.DATABASE_URL": "postgres://pweucjibwzudgl:3d42b1e9828917c928c8bbc7ce2abae14bf462752fa7b9ab2bfba28b9a2ba8bc@ec2-54-75-231-3.eu-west-1.compute.amazonaws.com:5432/d7kt5heiid99qo",
                            "all_config_vars.HOSTEDGRAPHITE_APIKEY": "f8e433b1-5e97-4a9d-9d72-fc1a420d0e32",
                            "config_vars.#": "0",
                            "git_url": "https://git.heroku.com/devops-exam-app-staging.git",
                            "heroku_hostname": "devops-exam-app-staging.herokuapp.com",
                            "id": "devops-exam-app-staging",
                            "internal_routing": "false",
                            "name": "devops-exam-app-staging",
                            "region": "eu",
                            "stack": "heroku-18",
                            "uuid": "008a828a-0120-410c-bcce-2efa552cc4d7",
                            "web_url": "https://devops-exam-app-staging.herokuapp.com/"
                        },
                        "meta": {},
                        "tainted": false
                    },
                    "deposed": [],
                    "provider": "provider.heroku"
                },
                "heroku_pipeline.test-app": {
                    "type": "heroku_pipeline",
                    "depends_on": [],
                    "primary": {
                        "id": "acc678de-14e9-41b1-8ed2-9ab04dd63010",
                        "attributes": {
                            "id": "acc678de-14e9-41b1-8ed2-9ab04dd63010",
                            "name": "devops-pipeline"
                        },
                        "meta": {},
                        "tainted": false
                    },
                    "deposed": [],
                    "provider": "provider.heroku"
                },
                "heroku_pipeline_coupling.ci": {
                    "type": "heroku_pipeline_coupling",
                    "depends_on": [
                        "heroku_app.ci",
                        "heroku_pipeline.test-app"
                    ],
                    "primary": {
                        "id": "8f28a2f4-107b-44a7-b327-36740795b27d",
                        "attributes": {
                            "app": "devops-exam-app-ci",
                            "app_id": "eb3098b1-c6cb-420f-871c-9445e0c54b66",
                            "id": "8f28a2f4-107b-44a7-b327-36740795b27d",
                            "pipeline": "acc678de-14e9-41b1-8ed2-9ab04dd63010",
                            "stage": "development"
                        },
                        "meta": {},
                        "tainted": false
                    },
                    "deposed": [],
                    "provider": "provider.heroku"
                },
                "heroku_pipeline_coupling.production": {
                    "type": "heroku_pipeline_coupling",
                    "depends_on": [
                        "heroku_app.production",
                        "heroku_pipeline.test-app"
                    ],
                    "primary": {
                        "id": "cd5926e3-b59a-4d1c-8ccb-c5497d52b8fc",
                        "attributes": {
                            "app": "devops-exam-app-production",
                            "app_id": "56b970fe-776d-446d-a570-8bce0e12b6d7",
                            "id": "cd5926e3-b59a-4d1c-8ccb-c5497d52b8fc",
                            "pipeline": "acc678de-14e9-41b1-8ed2-9ab04dd63010",
                            "stage": "production"
                        },
                        "meta": {},
                        "tainted": false
                    },
                    "deposed": [],
                    "provider": "provider.heroku"
                },
                "heroku_pipeline_coupling.staging": {
                    "type": "heroku_pipeline_coupling",
                    "depends_on": [
                        "heroku_app.staging",
                        "heroku_pipeline.test-app"
                    ],
                    "primary": {
                        "id": "1cdbcf84-af53-462e-8904-1158bbb1208e",
                        "attributes": {
                            "app": "devops-exam-app-staging",
                            "app_id": "008a828a-0120-410c-bcce-2efa552cc4d7",
                            "id": "1cdbcf84-af53-462e-8904-1158bbb1208e",
                            "pipeline": "acc678de-14e9-41b1-8ed2-9ab04dd63010",
                            "stage": "staging"
                        },
                        "meta": {},
                        "tainted": false
                    },
                    "deposed": [],
                    "provider": "provider.heroku"
                },
                "statuscake_test.ci": {
                    "type": "statuscake_test",
                    "depends_on": [
                        "heroku_app.ci"
                    ],
                    "primary": {
                        "id": "3665508",
                        "attributes": {
                            "check_rate": "300",
                            "confirmations": "0",
                            "contact_id": "0",
                            "custom_header": "",
                            "do_not_find": "false",
                            "final_endpoint": "",
                            "find_string": "",
                            "follow_redirect": "false",
                            "id": "3665508",
                            "logo_image": "",
                            "node_locations.#": "0",
                            "paused": "false",
                            "port": "0",
                            "post_raw": "",
                            "status": "Down",
                            "status_codes": "",
                            "test_id": "3665508",
                            "test_type": "HTTP",
                            "timeout": "40",
                            "trigger_rate": "5",
                            "uptime": "0",
                            "use_jar": "0",
                            "website_name": "devops-exam-app-ci",
                            "website_url": "https://devops-exam-app-ci.herokuapp.com/"
                        },
                        "meta": {},
                        "tainted": false
                    },
                    "deposed": [],
                    "provider": "provider.statuscake"
                },
                "statuscake_test.production": {
                    "type": "statuscake_test",
                    "depends_on": [
                        "heroku_app.production"
                    ],
                    "primary": {
                        "id": "3665507",
                        "attributes": {
                            "check_rate": "300",
                            "confirmations": "0",
                            "contact_id": "0",
                            "custom_header": "",
                            "do_not_find": "false",
                            "final_endpoint": "",
                            "find_string": "",
                            "follow_redirect": "false",
                            "id": "3665507",
                            "logo_image": "",
                            "node_locations.#": "0",
                            "paused": "false",
                            "port": "0",
                            "post_raw": "",
                            "status": "Down",
                            "status_codes": "",
                            "test_id": "3665507",
                            "test_type": "HTTP",
                            "timeout": "40",
                            "trigger_rate": "5",
                            "uptime": "0",
                            "use_jar": "0",
                            "website_name": "devops-exam-app-production",
                            "website_url": "https://devops-exam-app-production.herokuapp.com/"
                        },
                        "meta": {},
                        "tainted": false
                    },
                    "deposed": [],
                    "provider": "provider.statuscake"
                },
                "statuscake_test.stage": {
                    "type": "statuscake_test",
                    "depends_on": [
                        "heroku_app.staging"
                    ],
                    "primary": {
                        "id": "3665506",
                        "attributes": {
                            "check_rate": "300",
                            "confirmations": "0",
                            "contact_id": "0",
                            "custom_header": "",
                            "do_not_find": "false",
                            "final_endpoint": "",
                            "find_string": "",
                            "follow_redirect": "false",
                            "id": "3665506",
                            "logo_image": "",
                            "node_locations.#": "0",
                            "paused": "false",
                            "port": "0",
                            "post_raw": "",
                            "status": "Down",
                            "status_codes": "",
                            "test_id": "3665506",
                            "test_type": "HTTP",
                            "timeout": "40",
                            "trigger_rate": "5",
                            "uptime": "0",
                            "use_jar": "0",
                            "website_name": "devops-exam-app-staging",
                            "website_url": "https://devops-exam-app-staging.herokuapp.com/"
                        },
                        "meta": {},
                        "tainted": false
                    },
                    "deposed": [],
                    "provider": "provider.statuscake"
                }
            },
            "depends_on": []
        }
    ]
}
